{
  "requires": true,
  "lockfileVersion": 1,
  "dependencies": {
    "myafeng": {
      "version": "1.0.0",
      "resolved": "https://registry.npmjs.org/myafeng/-/myafeng-1.0.0.tgz",
      "integrity": "sha512-1qTZBobaknZtmBSPPfP/LrY23pqhMeZw/gj954kL6FIuXeCbX0Qrbh7xKakLagcCfRte/IdSAYMP3y8/Ae0SuQ=="
    }
  }
}
