{
  "requires": true,
  "lockfileVersion": 1,
  "dependencies": {
    "how2java": {
      "version": "1.0.5",
      "resolved": "https://registry.npmjs.org/how2java/-/how2java-1.0.5.tgz",
      "integrity": "sha512-g0/fde521omY8TJKv6bCWnfeyaLmN2e+koP95UUV1jtpjmSxUAX6ASccNdS2k1vyJx20RSOUVs0s1bYBu5Opgw=="
    }
  }
}
